
Microsoft Visual Studio Solution File, Format Version 12.00
# Visual Studio Version 17
VisualStudioVersion = 17.9.34616.47
MinimumVisualStudioVersion = 10.0.40219.1
Project("{FAE04EC0-301F-11D3-BF4B-00C04F79EFBC}") = "CommunityToolkit.Mvvm.Practice", "CommunityToolkit.Mvvm.Practice.csproj", "{3442326E-EEBE-4BDB-B21A-6C791297BFC4}"
EndProject
Global
	GlobalSection(SolutionConfigurationPlatforms) = preSolution
		Debug|Any CPU = Debug|Any CPU
		Release|Any CPU = Release|Any CPU
	EndGlobalSection
	GlobalSection(ProjectConfigurationPlatforms) = postSolution
		{3442326E-EEBE-4BDB-B21A-6C791297BFC4}.Debug|Any CPU.ActiveCfg = Debug|Any CPU
		{3442326E-EEBE-4BDB-B21A-6C791297BFC4}.Debug|Any CPU.Build.0 = Debug|Any CPU
		{3442326E-EEBE-4BDB-B21A-6C791297BFC4}.Release|Any CPU.ActiveCfg = Release|Any CPU
		{3442326E-EEBE-4BDB-B21A-6C791297BFC4}.Release|Any CPU.Build.0 = Release|Any CPU
	EndGlobalSection
	GlobalSection(SolutionProperties) = preSolution
		HideSolutionNode = FALSE
	EndGlobalSection
	GlobalSection(ExtensibilityGlobals) = postSolution
		SolutionGuid = {4338A7D3-7861-43D4-B3CC-04EFF90F323F}
	EndGlobalSection
EndGlobal
